{
  "version": 4,
  "terraform_version": "1.8.5",
  "serial": 1493,
  "lineage": "a9abf21d-bf33-13df-0c47-a2f9b4d01040",
  "outputs": {},
  "resources": [
    {
      "module": "module.ec2[\"monitor\"]",
      "mode": "managed",
      "type": "aws_instance",
      "name": "ec2",
      "provider": "provider[\"registry.terraform.io/hashicorp/aws\"]",
      "instances": [
        {
          "schema_version": 1,
          "attributes": {
            "ami": "ami-080e1f13689e07408",
            "arn": "arn:aws:ec2:us-east-1:267239224662:instance/i-0188a811c4b3aa9e5",
            "associate_public_ip_address": true,
            "availability_zone": "us-east-1a",
            "capacity_reservation_specification": [
              {
                "capacity_reservation_preference": "open",
                "capacity_reservation_target": []
              }
            ],
            "cpu_core_count": 1,
            "cpu_options": [
              {
                "amd_sev_snp": "",
                "core_count": 1,
                "threads_per_core": 1
              }
            ],
            "cpu_threads_per_core": 1,
            "credit_specification": [
              {
                "cpu_credits": "standard"
              }
            ],
            "disable_api_stop": false,
            "disable_api_termination": false,
            "ebs_block_device": [],
            "ebs_optimized": false,
            "enclave_options": [
              {
                "enabled": false
              }
            ],
            "ephemeral_block_device": [],
            "get_password_data": false,
            "hibernation": false,
            "host_id": "",
            "host_resource_group_arn": null,
            "iam_instance_profile": "monitor-EC2InstanceProfile",
            "id": "i-0188a811c4b3aa9e5",
            "instance_initiated_shutdown_behavior": "stop",
            "instance_lifecycle": "",
            "instance_market_options": [],
            "instance_state": "running",
            "instance_type": "t2.micro",
            "ipv6_address_count": 0,
            "ipv6_addresses": [],
            "key_name": "test",
            "launch_template": [],
            "maintenance_options": [
              {
                "auto_recovery": "default"
              }
            ],
            "metadata_options": [
              {
                "http_endpoint": "enabled",
                "http_protocol_ipv6": "disabled",
                "http_put_response_hop_limit": 1,
                "http_tokens": "required",
                "instance_metadata_tags": "disabled"
              }
            ],
            "monitoring": false,
            "network_interface": [],
            "outpost_arn": "",
            "password_data": "",
            "placement_group": "",
            "placement_partition_number": 0,
            "primary_network_interface_id": "eni-0b3147716bf0f8540",
            "private_dns": "ip-10-0-0-48.ec2.internal",
            "private_dns_name_options": [
              {
                "enable_resource_name_dns_a_record": false,
                "enable_resource_name_dns_aaaa_record": false,
                "hostname_type": "ip-name"
              }
            ],
            "private_ip": "10.0.0.48",
            "public_dns": "ec2-23-22-190-210.compute-1.amazonaws.com",
            "public_ip": "23.22.190.210",
            "root_block_device": [
              {
                "delete_on_termination": true,
                "device_name": "/dev/sda1",
                "encrypted": true,
                "iops": 100,
                "kms_key_id": "arn:aws:kms:us-east-1:267239224662:key/b6ab2526-2b90-4673-94b4-9e6e803bdec2",
                "tags": null,
                "tags_all": {},
                "throughput": 0,
                "volume_id": "vol-0b1c0bdfa9cda4b70",
                "volume_size": 8,
                "volume_type": "gp2"
              }
            ],
            "secondary_private_ips": [],
            "security_groups": [],
            "source_dest_check": true,
            "spot_instance_request_id": "",
            "subnet_id": "subnet-0aff6ce2aac043960",
            "tags": {
              "Name": "monitor-test-instance"
            },
            "tags_all": {
              "Name": "monitor-test-instance"
            },
            "tenancy": "default",
            "timeouts": null,
            "user_data": "dd7b430e2259b50be7cb5484f7a7d13f30bc4eda",
            "user_data_base64": null,
            "user_data_replace_on_change": true,
            "volume_tags": null,
            "vpc_security_group_ids": [
              "sg-0c4a0bf8a02c3191a"
            ]
          },
          "sensitive_attributes": [],
          "private": "eyJlMmJmYjczMC1lY2FhLTExZTYtOGY4OC0zNDM2M2JjN2M0YzAiOnsiY3JlYXRlIjo2MDAwMDAwMDAwMDAsImRlbGV0ZSI6MTIwMDAwMDAwMDAwMCwicmVhZCI6OTAwMDAwMDAwMDAwLCJ1cGRhdGUiOjYwMDAwMDAwMDAwMH0sInNjaGVtYV92ZXJzaW9uIjoiMSJ9",
          "dependencies": [
            "module.security_group.aws_security_group.sg",
            "module.vpc.aws_subnet.subnet",
            "module.vpc.aws_vpc.vpc"
          ],
          "create_before_destroy": true
        }
      ]
    },
    {
      "module": "module.ec2[\"target\"]",
      "mode": "managed",
      "type": "aws_instance",
      "name": "ec2",
      "provider": "provider[\"registry.terraform.io/hashicorp/aws\"]",
      "instances": [
        {
          "schema_version": 1,
          "attributes": {
            "ami": "ami-080e1f13689e07408",
            "arn": "arn:aws:ec2:us-east-1:267239224662:instance/i-016ba340caf564768",
            "associate_public_ip_address": true,
            "availability_zone": "us-east-1a",
            "capacity_reservation_specification": [
              {
                "capacity_reservation_preference": "open",
                "capacity_reservation_target": []
              }
            ],
            "cpu_core_count": 1,
            "cpu_options": [
              {
                "amd_sev_snp": "",
                "core_count": 1,
                "threads_per_core": 1
              }
            ],
            "cpu_threads_per_core": 1,
            "credit_specification": [
              {
                "cpu_credits": "standard"
              }
            ],
            "disable_api_stop": false,
            "disable_api_termination": false,
            "ebs_block_device": [],
            "ebs_optimized": false,
            "enclave_options": [
              {
                "enabled": false
              }
            ],
            "ephemeral_block_device": [],
            "get_password_data": false,
            "hibernation": false,
            "host_id": "",
            "host_resource_group_arn": null,
            "iam_instance_profile": "target-EC2InstanceProfile",
            "id": "i-016ba340caf564768",
            "instance_initiated_shutdown_behavior": "stop",
            "instance_lifecycle": "",
            "instance_market_options": [],
            "instance_state": "running",
            "instance_type": "t2.micro",
            "ipv6_address_count": 0,
            "ipv6_addresses": [],
            "key_name": "test",
            "launch_template": [],
            "maintenance_options": [
              {
                "auto_recovery": "default"
              }
            ],
            "metadata_options": [
              {
                "http_endpoint": "enabled",
                "http_protocol_ipv6": "disabled",
                "http_put_response_hop_limit": 1,
                "http_tokens": "required",
                "instance_metadata_tags": "disabled"
              }
            ],
            "monitoring": false,
            "network_interface": [],
            "outpost_arn": "",
            "password_data": "",
            "placement_group": "",
            "placement_partition_number": 0,
            "primary_network_interface_id": "eni-07bdf52d29786849b",
            "private_dns": "ip-10-0-0-91.ec2.internal",
            "private_dns_name_options": [
              {
                "enable_resource_name_dns_a_record": false,
                "enable_resource_name_dns_aaaa_record": false,
                "hostname_type": "ip-name"
              }
            ],
            "private_ip": "10.0.0.91",
            "public_dns": "ec2-54-174-8-192.compute-1.amazonaws.com",
            "public_ip": "54.174.8.192",
            "root_block_device": [
              {
                "delete_on_termination": true,
                "device_name": "/dev/sda1",
                "encrypted": true,
                "iops": 100,
                "kms_key_id": "arn:aws:kms:us-east-1:267239224662:key/b6ab2526-2b90-4673-94b4-9e6e803bdec2",
                "tags": null,
                "tags_all": {},
                "throughput": 0,
                "volume_id": "vol-09535b58ecdedcf17",
                "volume_size": 8,
                "volume_type": "gp2"
              }
            ],
            "secondary_private_ips": [],
            "security_groups": [],
            "source_dest_check": true,
            "spot_instance_request_id": "",
            "subnet_id": "subnet-0aff6ce2aac043960",
            "tags": {
              "Name": "target-test-instance"
            },
            "tags_all": {
              "Name": "target-test-instance"
            },
            "tenancy": "default",
            "timeouts": null,
            "user_data": "7a5c28228a9477f3c40fa1ebf241a78d5303f99d",
            "user_data_base64": null,
            "user_data_replace_on_change": true,
            "volume_tags": null,
            "vpc_security_group_ids": [
              "sg-0c4a0bf8a02c3191a"
            ]
          },
          "sensitive_attributes": [],
          "private": "eyJlMmJmYjczMC1lY2FhLTExZTYtOGY4OC0zNDM2M2JjN2M0YzAiOnsiY3JlYXRlIjo2MDAwMDAwMDAwMDAsImRlbGV0ZSI6MTIwMDAwMDAwMDAwMCwicmVhZCI6OTAwMDAwMDAwMDAwLCJ1cGRhdGUiOjYwMDAwMDAwMDAwMH0sInNjaGVtYV92ZXJzaW9uIjoiMSJ9",
          "dependencies": [
            "module.security_group.aws_security_group.sg",
            "module.vpc.aws_subnet.subnet",
            "module.vpc.aws_vpc.vpc"
          ],
          "create_before_destroy": true
        }
      ]
    },
    {
      "module": "module.iam_policies",
      "mode": "managed",
      "type": "aws_iam_instance_profile",
      "name": "monitor_ec2_instance_profile",
      "provider": "provider[\"registry.terraform.io/hashicorp/aws\"]",
      "instances": [
        {
          "schema_version": 0,
          "attributes": {
            "arn": "arn:aws:iam::267239224662:instance-profile/monitor-EC2InstanceProfile",
            "create_date": "2024-11-19T12:00:32Z",
            "id": "monitor-EC2InstanceProfile",
            "name": "monitor-EC2InstanceProfile",
            "name_prefix": "",
            "path": "/",
            "role": "monitor_EC2ServiceRole",
            "tags": {},
            "tags_all": {},
            "unique_id": "AIPAT4OFS6VLNQZRAJXKI"
          },
          "sensitive_attributes": [],
          "private": "bnVsbA==",
          "dependencies": [
            "module.iam_policies.aws_iam_role.monitor_ec2_service_role"
          ]
        }
      ]
    },
    {
      "module": "module.iam_policies",
      "mode": "managed",
      "type": "aws_iam_instance_profile",
      "name": "target_ec2_instance_profile",
      "provider": "provider[\"registry.terraform.io/hashicorp/aws\"]",
      "instances": [
        {
          "schema_version": 0,
          "attributes": {
            "arn": "arn:aws:iam::267239224662:instance-profile/target-EC2InstanceProfile",
            "create_date": "2024-11-19T12:00:32Z",
            "id": "target-EC2InstanceProfile",
            "name": "target-EC2InstanceProfile",
            "name_prefix": "",
            "path": "/",
            "role": "target_EC2ServiceRole",
            "tags": {},
            "tags_all": {},
            "unique_id": "AIPAT4OFS6VLCWRG3OCSK"
          },
          "sensitive_attributes": [],
          "private": "bnVsbA==",
          "dependencies": [
            "module.iam_policies.aws_iam_role.target_ec2_service_role"
          ]
        }
      ]
    },
    {
      "module": "module.iam_policies",
      "mode": "managed",
      "type": "aws_iam_policy",
      "name": "monitor_cloudwatch_agent_policy",
      "provider": "provider[\"registry.terraform.io/hashicorp/aws\"]",
      "instances": [
        {
          "schema_version": 0,
          "attributes": {
            "arn": "arn:aws:iam::267239224662:policy/monitor_cloudwatch_agent_policy",
            "attachment_count": 1,
            "description": "",
            "id": "arn:aws:iam::267239224662:policy/monitor_cloudwatch_agent_policy",
            "name": "monitor_cloudwatch_agent_policy",
            "name_prefix": "",
            "path": "/",
            "policy": "{\"Statement\":[{\"Action\":[\"cloudwatch:GetMetricData\",\"cloudwatch:ListMetricData\",\"logs:GetLogEvents\",\"logs:DescribeLogStreams\"],\"Effect\":\"Allow\",\"Resource\":\"*\"}],\"Version\":\"2012-10-17\"}",
            "policy_id": "ANPAT4OFS6VLOH6TBYBQV",
            "tags": {},
            "tags_all": {}
          },
          "sensitive_attributes": [],
          "private": "bnVsbA=="
        }
      ]
    },
    {
      "module": "module.iam_policies",
      "mode": "managed",
      "type": "aws_iam_policy",
      "name": "target_cloudwatch_agent_policy",
      "provider": "provider[\"registry.terraform.io/hashicorp/aws\"]",
      "instances": [
        {
          "schema_version": 0,
          "attributes": {
            "arn": "arn:aws:iam::267239224662:policy/target_cloudwatch_agent_policy",
            "attachment_count": 1,
            "description": "",
            "id": "arn:aws:iam::267239224662:policy/target_cloudwatch_agent_policy",
            "name": "target_cloudwatch_agent_policy",
            "name_prefix": "",
            "path": "/",
            "policy": "{\"Statement\":[{\"Action\":[\"cloudwatch:PutMetricData\",\"logs:CreateLogGroup\",\"logs:CreateLogStream\",\"logs:PutLogEvents\",\"logs:DescribeLogStreams\"],\"Effect\":\"Allow\",\"Resource\":\"*\"}],\"Version\":\"2012-10-17\"}",
            "policy_id": "ANPAT4OFS6VLMJFWWJRFY",
            "tags": {},
            "tags_all": {}
          },
          "sensitive_attributes": [],
          "private": "bnVsbA=="
        }
      ]
    },
    {
      "module": "module.iam_policies",
      "mode": "managed",
      "type": "aws_iam_policy",
      "name": "user_s3_policy",
      "provider": "provider[\"registry.terraform.io/hashicorp/aws\"]",
      "instances": [
        {
          "schema_version": 0,
          "attributes": {
            "arn": "arn:aws:iam::267239224662:policy/UserS3AccessPolicy",
            "attachment_count": 2,
            "description": "",
            "id": "arn:aws:iam::267239224662:policy/UserS3AccessPolicy",
            "name": "UserS3AccessPolicy",
            "name_prefix": "",
            "path": "/",
            "policy": "{\"Statement\":[{\"Action\":[\"s3:ListBucket\",\"s3:GetBucketLocation\"],\"Effect\":\"Allow\",\"Resource\":\"arn:aws:s3:::s3-bucket-ubecuab\"},{\"Action\":[\"s3:GetObject\",\"s3:PutObject\",\"s3:DeleteObject\"],\"Effect\":\"Allow\",\"Resource\":\"arn:aws:s3:::s3-bucket-ubecuab/*\"}],\"Version\":\"2012-10-17\"}",
            "policy_id": "ANPAT4OFS6VLDLZ4VB5DP",
            "tags": {},
            "tags_all": {}
          },
          "sensitive_attributes": [],
          "private": "bnVsbA=="
        }
      ]
    },
    {
      "module": "module.iam_policies",
      "mode": "managed",
      "type": "aws_iam_role",
      "name": "monitor_ec2_service_role",
      "provider": "provider[\"registry.terraform.io/hashicorp/aws\"]",
      "instances": [
        {
          "schema_version": 0,
          "attributes": {
            "arn": "arn:aws:iam::267239224662:role/monitor_EC2ServiceRole",
            "assume_role_policy": "{\"Statement\":[{\"Action\":\"sts:AssumeRole\",\"Effect\":\"Allow\",\"Principal\":{\"Service\":\"ec2.amazonaws.com\"},\"Sid\":\"\"}],\"Version\":\"2012-10-17\"}",
            "create_date": "2024-11-19T12:00:31Z",
            "description": "",
            "force_detach_policies": false,
            "id": "monitor_EC2ServiceRole",
            "inline_policy": [],
            "managed_policy_arns": [
              "arn:aws:iam::267239224662:policy/UserS3AccessPolicy",
              "arn:aws:iam::267239224662:policy/monitor_cloudwatch_agent_policy"
            ],
            "max_session_duration": 3600,
            "name": "monitor_EC2ServiceRole",
            "name_prefix": "",
            "path": "/",
            "permissions_boundary": "",
            "tags": {},
            "tags_all": {},
            "unique_id": "AROAT4OFS6VLJ35XJTCAF"
          },
          "sensitive_attributes": [],
          "private": "bnVsbA=="
        }
      ]
    },
    {
      "module": "module.iam_policies",
      "mode": "managed",
      "type": "aws_iam_role",
      "name": "target_ec2_service_role",
      "provider": "provider[\"registry.terraform.io/hashicorp/aws\"]",
      "instances": [
        {
          "schema_version": 0,
          "attributes": {
            "arn": "arn:aws:iam::267239224662:role/target_EC2ServiceRole",
            "assume_role_policy": "{\"Statement\":[{\"Action\":\"sts:AssumeRole\",\"Effect\":\"Allow\",\"Principal\":{\"Service\":\"ec2.amazonaws.com\"},\"Sid\":\"\"}],\"Version\":\"2012-10-17\"}",
            "create_date": "2024-11-19T12:00:31Z",
            "description": "",
            "force_detach_policies": false,
            "id": "target_EC2ServiceRole",
            "inline_policy": [],
            "managed_policy_arns": [
              "arn:aws:iam::267239224662:policy/UserS3AccessPolicy",
              "arn:aws:iam::267239224662:policy/target_cloudwatch_agent_policy"
            ],
            "max_session_duration": 3600,
            "name": "target_EC2ServiceRole",
            "name_prefix": "",
            "path": "/",
            "permissions_boundary": "",
            "tags": {},
            "tags_all": {},
            "unique_id": "AROAT4OFS6VLIQ4PGJMMI"
          },
          "sensitive_attributes": [],
          "private": "bnVsbA=="
        }
      ]
    },
    {
      "module": "module.iam_policies",
      "mode": "managed",
      "type": "aws_iam_role_policy_attachment",
      "name": "monitor_cloudwatch_agent_policy_attachment",
      "provider": "provider[\"registry.terraform.io/hashicorp/aws\"]",
      "instances": [
        {
          "schema_version": 0,
          "attributes": {
            "id": "monitor_EC2ServiceRole-20241119120111413700000001",
            "policy_arn": "arn:aws:iam::267239224662:policy/monitor_cloudwatch_agent_policy",
            "role": "monitor_EC2ServiceRole"
          },
          "sensitive_attributes": [],
          "private": "bnVsbA==",
          "dependencies": [
            "module.iam_policies.aws_iam_policy.monitor_cloudwatch_agent_policy",
            "module.iam_policies.aws_iam_role.monitor_ec2_service_role"
          ]
        }
      ]
    },
    {
      "module": "module.iam_policies",
      "mode": "managed",
      "type": "aws_iam_role_policy_attachment",
      "name": "monitor_user_policy_attachment",
      "provider": "provider[\"registry.terraform.io/hashicorp/aws\"]",
      "instances": [
        {
          "schema_version": 0,
          "attributes": {
            "id": "monitor_EC2ServiceRole-20241119120111434100000002",
            "policy_arn": "arn:aws:iam::267239224662:policy/UserS3AccessPolicy",
            "role": "monitor_EC2ServiceRole"
          },
          "sensitive_attributes": [],
          "private": "bnVsbA==",
          "dependencies": [
            "module.iam_policies.aws_iam_policy.user_s3_policy",
            "module.iam_policies.aws_iam_role.monitor_ec2_service_role"
          ]
        }
      ]
    },
    {
      "module": "module.iam_policies",
      "mode": "managed",
      "type": "aws_iam_role_policy_attachment",
      "name": "target_cloudwatch_agent_policy_attachment",
      "provider": "provider[\"registry.terraform.io/hashicorp/aws\"]",
      "instances": [
        {
          "schema_version": 0,
          "attributes": {
            "id": "target_EC2ServiceRole-20241119120111439600000003",
            "policy_arn": "arn:aws:iam::267239224662:policy/target_cloudwatch_agent_policy",
            "role": "target_EC2ServiceRole"
          },
          "sensitive_attributes": [],
          "private": "bnVsbA==",
          "dependencies": [
            "module.iam_policies.aws_iam_policy.target_cloudwatch_agent_policy",
            "module.iam_policies.aws_iam_role.target_ec2_service_role"
          ]
        }
      ]
    },
    {
      "module": "module.iam_policies",
      "mode": "managed",
      "type": "aws_iam_role_policy_attachment",
      "name": "target_user_policy_attachment",
      "provider": "provider[\"registry.terraform.io/hashicorp/aws\"]",
      "instances": [
        {
          "schema_version": 0,
          "attributes": {
            "id": "target_EC2ServiceRole-20241119120111445000000004",
            "policy_arn": "arn:aws:iam::267239224662:policy/UserS3AccessPolicy",
            "role": "target_EC2ServiceRole"
          },
          "sensitive_attributes": [],
          "private": "bnVsbA==",
          "dependencies": [
            "module.iam_policies.aws_iam_policy.user_s3_policy",
            "module.iam_policies.aws_iam_role.target_ec2_service_role"
          ]
        }
      ]
    },
    {
      "module": "module.internet_gateway",
      "mode": "managed",
      "type": "aws_internet_gateway",
      "name": "igw",
      "provider": "provider[\"registry.terraform.io/hashicorp/aws\"]",
      "instances": [
        {
          "schema_version": 0,
          "attributes": {
            "arn": "arn:aws:ec2:us-east-1:267239224662:internet-gateway/igw-093cfd058bc00a6b7",
            "id": "igw-093cfd058bc00a6b7",
            "owner_id": "267239224662",
            "tags": {
              "Name": "i-gateway"
            },
            "tags_all": {
              "Name": "i-gateway"
            },
            "timeouts": null,
            "vpc_id": "vpc-0e9741f56750d0802"
          },
          "sensitive_attributes": [],
          "private": "eyJlMmJmYjczMC1lY2FhLTExZTYtOGY4OC0zNDM2M2JjN2M0YzAiOnsiY3JlYXRlIjoxMjAwMDAwMDAwMDAwLCJkZWxldGUiOjEyMDAwMDAwMDAwMDAsInVwZGF0ZSI6MTIwMDAwMDAwMDAwMH19",
          "dependencies": [
            "module.vpc.aws_vpc.vpc"
          ]
        }
      ]
    },
    {
      "module": "module.internet_gateway",
      "mode": "managed",
      "type": "aws_route_table",
      "name": "route_table",
      "provider": "provider[\"registry.terraform.io/hashicorp/aws\"]",
      "instances": [
        {
          "schema_version": 0,
          "attributes": {
            "arn": "arn:aws:ec2:us-east-1:267239224662:route-table/rtb-0b53bd39c880e414c",
            "id": "rtb-0b53bd39c880e414c",
            "owner_id": "267239224662",
            "propagating_vgws": [],
            "route": [
              {
                "carrier_gateway_id": "",
                "cidr_block": "0.0.0.0/0",
                "core_network_arn": "",
                "destination_prefix_list_id": "",
                "egress_only_gateway_id": "",
                "gateway_id": "igw-093cfd058bc00a6b7",
                "ipv6_cidr_block": "",
                "local_gateway_id": "",
                "nat_gateway_id": "",
                "network_interface_id": "",
                "transit_gateway_id": "",
                "vpc_endpoint_id": "",
                "vpc_peering_connection_id": ""
              }
            ],
            "tags": {
              "Name": "gateway-route-table"
            },
            "tags_all": {
              "Name": "gateway-route-table"
            },
            "timeouts": null,
            "vpc_id": "vpc-0e9741f56750d0802"
          },
          "sensitive_attributes": [],
          "private": "eyJlMmJmYjczMC1lY2FhLTExZTYtOGY4OC0zNDM2M2JjN2M0YzAiOnsiY3JlYXRlIjozMDAwMDAwMDAwMDAsImRlbGV0ZSI6MzAwMDAwMDAwMDAwLCJ1cGRhdGUiOjEyMDAwMDAwMDAwMH19",
          "dependencies": [
            "module.internet_gateway.aws_internet_gateway.igw",
            "module.vpc.aws_vpc.vpc"
          ]
        }
      ]
    },
    {
      "module": "module.internet_gateway",
      "mode": "managed",
      "type": "aws_route_table_association",
      "name": "subnet_association",
      "provider": "provider[\"registry.terraform.io/hashicorp/aws\"]",
      "instances": [
        {
          "schema_version": 0,
          "attributes": {
            "gateway_id": "",
            "id": "rtbassoc-04b1886f664c9807d",
            "route_table_id": "rtb-0b53bd39c880e414c",
            "subnet_id": "subnet-0aff6ce2aac043960",
            "timeouts": null
          },
          "sensitive_attributes": [],
          "private": "eyJlMmJmYjczMC1lY2FhLTExZTYtOGY4OC0zNDM2M2JjN2M0YzAiOnsiY3JlYXRlIjozMDAwMDAwMDAwMDAsImRlbGV0ZSI6MzAwMDAwMDAwMDAwLCJ1cGRhdGUiOjEyMDAwMDAwMDAwMH19",
          "dependencies": [
            "module.internet_gateway.aws_internet_gateway.igw",
            "module.internet_gateway.aws_route_table.route_table",
            "module.vpc.aws_subnet.subnet",
            "module.vpc.aws_vpc.vpc"
          ]
        }
      ]
    },
    {
      "module": "module.s3_bucket",
      "mode": "managed",
      "type": "aws_s3_bucket",
      "name": "bucket",
      "provider": "provider[\"registry.terraform.io/hashicorp/aws\"]",
      "instances": [
        {
          "schema_version": 0,
          "attributes": {
            "acceleration_status": "",
            "acl": null,
            "arn": "arn:aws:s3:::s3-bucket-ubecuab",
            "bucket": "s3-bucket-ubecuab",
            "bucket_domain_name": "s3-bucket-ubecuab.s3.amazonaws.com",
            "bucket_prefix": "",
            "bucket_regional_domain_name": "s3-bucket-ubecuab.s3.us-east-1.amazonaws.com",
            "cors_rule": [],
            "force_destroy": false,
            "grant": [
              {
                "id": "ff8fb2c513d8fd7a86b98eeb8dd5879489a74a865c02ce5631d1b00e76afddd5",
                "permissions": [
                  "FULL_CONTROL"
                ],
                "type": "CanonicalUser",
                "uri": ""
              }
            ],
            "hosted_zone_id": "Z3AQBSTGFYJSTF",
            "id": "s3-bucket-ubecuab",
            "lifecycle_rule": [],
            "logging": [],
            "object_lock_configuration": [],
            "object_lock_enabled": false,
            "policy": "",
            "region": "us-east-1",
            "replication_configuration": [],
            "request_payer": "BucketOwner",
            "server_side_encryption_configuration": [
              {
                "rule": [
                  {
                    "apply_server_side_encryption_by_default": [
                      {
                        "kms_master_key_id": "",
                        "sse_algorithm": "AES256"
                      }
                    ],
                    "bucket_key_enabled": false
                  }
                ]
              }
            ],
            "tags": {
              "Name": "s3-bucket-ubecuab"
            },
            "tags_all": {
              "Name": "s3-bucket-ubecuab"
            },
            "timeouts": null,
            "versioning": [
              {
                "enabled": false,
                "mfa_delete": false
              }
            ],
            "website": [],
            "website_domain": null,
            "website_endpoint": null
          },
          "sensitive_attributes": [],
          "private": "eyJlMmJmYjczMC1lY2FhLTExZTYtOGY4OC0zNDM2M2JjN2M0YzAiOnsiY3JlYXRlIjoxMjAwMDAwMDAwMDAwLCJkZWxldGUiOjM2MDAwMDAwMDAwMDAsInJlYWQiOjEyMDAwMDAwMDAwMDAsInVwZGF0ZSI6MTIwMDAwMDAwMDAwMH19"
        }
      ]
    },
    {
      "module": "module.s3_bucket",
      "mode": "managed",
      "type": "aws_s3_bucket_public_access_block",
      "name": "private",
      "provider": "provider[\"registry.terraform.io/hashicorp/aws\"]",
      "instances": [
        {
          "schema_version": 0,
          "attributes": {
            "block_public_acls": true,
            "block_public_policy": true,
            "bucket": "s3-bucket-ubecuab",
            "id": "s3-bucket-ubecuab",
            "ignore_public_acls": true,
            "restrict_public_buckets": true
          },
          "sensitive_attributes": [],
          "private": "bnVsbA==",
          "dependencies": [
            "module.s3_bucket.aws_s3_bucket.bucket"
          ]
        }
      ]
    },
    {
      "module": "module.security_group",
      "mode": "managed",
      "type": "aws_security_group",
      "name": "sg",
      "provider": "provider[\"registry.terraform.io/hashicorp/aws\"]",
      "instances": [
        {
          "schema_version": 1,
          "attributes": {
            "arn": "arn:aws:ec2:us-east-1:267239224662:security-group/sg-0c4a0bf8a02c3191a",
            "description": "ec2 sg",
            "egress": [
              {
                "cidr_blocks": [
                  "0.0.0.0/0"
                ],
                "description": "",
                "from_port": 0,
                "ipv6_cidr_blocks": [],
                "prefix_list_ids": [],
                "protocol": "-1",
                "security_groups": [],
                "self": false,
                "to_port": 0
              }
            ],
            "id": "sg-0c4a0bf8a02c3191a",
            "ingress": [
              {
                "cidr_blocks": [
                  "0.0.0.0/0"
                ],
                "description": "",
                "from_port": 22,
                "ipv6_cidr_blocks": [],
                "prefix_list_ids": [],
                "protocol": "tcp",
                "security_groups": [],
                "self": false,
                "to_port": 22
              },
              {
                "cidr_blocks": [
                  "0.0.0.0/0"
                ],
                "description": "",
                "from_port": 443,
                "ipv6_cidr_blocks": [],
                "prefix_list_ids": [],
                "protocol": "tcp",
                "security_groups": [],
                "self": false,
                "to_port": 443
              },
              {
                "cidr_blocks": [
                  "0.0.0.0/0"
                ],
                "description": "",
                "from_port": 80,
                "ipv6_cidr_blocks": [],
                "prefix_list_ids": [],
                "protocol": "tcp",
                "security_groups": [],
                "self": false,
                "to_port": 80
              }
            ],
            "name": "security-group",
            "name_prefix": "",
            "owner_id": "267239224662",
            "revoke_rules_on_delete": false,
            "tags": {},
            "tags_all": {},
            "timeouts": null,
            "vpc_id": "vpc-0e9741f56750d0802"
          },
          "sensitive_attributes": [],
          "private": "eyJlMmJmYjczMC1lY2FhLTExZTYtOGY4OC0zNDM2M2JjN2M0YzAiOnsiY3JlYXRlIjo2MDAwMDAwMDAwMDAsImRlbGV0ZSI6OTAwMDAwMDAwMDAwfSwic2NoZW1hX3ZlcnNpb24iOiIxIn0=",
          "dependencies": [
            "module.vpc.aws_vpc.vpc"
          ],
          "create_before_destroy": true
        }
      ]
    },
    {
      "module": "module.vpc",
      "mode": "managed",
      "type": "aws_subnet",
      "name": "subnet",
      "provider": "provider[\"registry.terraform.io/hashicorp/aws\"]",
      "instances": [
        {
          "schema_version": 1,
          "attributes": {
            "arn": "arn:aws:ec2:us-east-1:267239224662:subnet/subnet-0aff6ce2aac043960",
            "assign_ipv6_address_on_creation": false,
            "availability_zone": "us-east-1a",
            "availability_zone_id": "use1-az4",
            "cidr_block": "10.0.0.0/24",
            "customer_owned_ipv4_pool": "",
            "enable_dns64": false,
            "enable_lni_at_device_index": 0,
            "enable_resource_name_dns_a_record_on_launch": false,
            "enable_resource_name_dns_aaaa_record_on_launch": false,
            "id": "subnet-0aff6ce2aac043960",
            "ipv6_cidr_block": "",
            "ipv6_cidr_block_association_id": "",
            "ipv6_native": false,
            "map_customer_owned_ip_on_launch": false,
            "map_public_ip_on_launch": true,
            "outpost_arn": "",
            "owner_id": "267239224662",
            "private_dns_hostname_type_on_launch": "ip-name",
            "tags": {
              "Name": "subnet"
            },
            "tags_all": {
              "Name": "subnet"
            },
            "timeouts": null,
            "vpc_id": "vpc-0e9741f56750d0802"
          },
          "sensitive_attributes": [],
          "private": "eyJlMmJmYjczMC1lY2FhLTExZTYtOGY4OC0zNDM2M2JjN2M0YzAiOnsiY3JlYXRlIjo2MDAwMDAwMDAwMDAsImRlbGV0ZSI6MTIwMDAwMDAwMDAwMH0sInNjaGVtYV92ZXJzaW9uIjoiMSJ9",
          "dependencies": [
            "module.vpc.aws_vpc.vpc"
          ],
          "create_before_destroy": true
        }
      ]
    },
    {
      "module": "module.vpc",
      "mode": "managed",
      "type": "aws_vpc",
      "name": "vpc",
      "provider": "provider[\"registry.terraform.io/hashicorp/aws\"]",
      "instances": [
        {
          "schema_version": 1,
          "attributes": {
            "arn": "arn:aws:ec2:us-east-1:267239224662:vpc/vpc-0e9741f56750d0802",
            "assign_generated_ipv6_cidr_block": false,
            "cidr_block": "10.0.0.0/16",
            "default_network_acl_id": "acl-0b6e9a808bca17c82",
            "default_route_table_id": "rtb-0d58f40058c7ccbf7",
            "default_security_group_id": "sg-02ea17541a3b97345",
            "dhcp_options_id": "dopt-020de3decb4e9277f",
            "enable_dns_hostnames": true,
            "enable_dns_support": true,
            "enable_network_address_usage_metrics": false,
            "id": "vpc-0e9741f56750d0802",
            "instance_tenancy": "default",
            "ipv4_ipam_pool_id": null,
            "ipv4_netmask_length": null,
            "ipv6_association_id": "",
            "ipv6_cidr_block": "",
            "ipv6_cidr_block_network_border_group": "",
            "ipv6_ipam_pool_id": "",
            "ipv6_netmask_length": 0,
            "main_route_table_id": "rtb-0d58f40058c7ccbf7",
            "owner_id": "267239224662",
            "tags": {
              "Name": "vpc"
            },
            "tags_all": {
              "Name": "vpc"
            }
          },
          "sensitive_attributes": [],
          "private": "eyJzY2hlbWFfdmVyc2lvbiI6IjEifQ==",
          "create_before_destroy": true
        }
      ]
    }
  ],
  "check_results": null
}
